
Microsoft Visual Studio Solution File, Format Version 12.00
# Visual Studio Version 17
VisualStudioVersion = 17.1.32328.378
MinimumVisualStudioVersion = 10.0.40219.1
Project("{8BC9CEB8-8B4A-11D0-8D11-00A0C91BC942}") = "Chapter_11", "Chapter_11\Chapter_11.vcxproj", "{665AAC65-420D-4CCD-8BBF-8F3F616965CE}"
EndProject
Project("{8BC9CEB8-8B4A-11D0-8D11-00A0C91BC942}") = "Finding_area_with_struct", "Finding_area_with_struct\Finding_area_with_struct.vcxproj", "{23D97933-96EC-4AC4-9B61-31EDD8EFED23}"
EndProject
Project("{8BC9CEB8-8B4A-11D0-8D11-00A0C91BC942}") = "Partially_initialized_structure", "Partially_initialized_structure\Partially_initialized_structure.vcxproj", "{EB1D1F88-D23A-491C-B0D8-47D07293E69A}"
EndProject
Project("{8BC9CEB8-8B4A-11D0-8D11-00A0C91BC942}") = "Using_Array_with_Structures", "Using_Array_with_Structures\Using_Array_with_Structures.vcxproj", "{32D67719-0378-400E-87AF-540F990C8D57}"
EndProject
Project("{8BC9CEB8-8B4A-11D0-8D11-00A0C91BC942}") = "Nested_Structure", "Nested_Structure\Nested_Structure.vcxproj", "{CAC44359-8AB0-4999-9E49-D43EF180A7F9}"
EndProject
Project("{8BC9CEB8-8B4A-11D0-8D11-00A0C91BC942}") = "Accepting_functions_with_struct", "Accepting_functions_with_struct\Accepting_functions_with_struct.vcxproj", "{180316CF-A21C-4186-9F3E-653E34390BBC}"
EndProject
Project("{8BC9CEB8-8B4A-11D0-8D11-00A0C91BC942}") = "Function_Struct", "Function_Struct\Function_Struct.vcxproj", "{82EB2FF7-E902-4A9D-8DCB-4ECB934F9020}"
EndProject
Project("{8BC9CEB8-8B4A-11D0-8D11-00A0C91BC942}") = "Using_Pointer_with_Struct", "Using_Pointer_with_Struct\Using_Pointer_with_Struct.vcxproj", "{782A2300-D7E5-473B-9F28-3E0395094B79}"
EndProject
Project("{8BC9CEB8-8B4A-11D0-8D11-00A0C91BC942}") = "enum_data_type", "enum_data_type\enum_data_type.vcxproj", "{90EE04ED-B798-4C89-A365-D7EB5D608FCF}"
EndProject
Project("{8BC9CEB8-8B4A-11D0-8D11-00A0C91BC942}") = "enum_data_type_switch", "enum_data_type_switch\enum_data_type_switch.vcxproj", "{4590E33C-D5B0-43A3-8742-BCA688C73663}"
EndProject
Global
	GlobalSection(SolutionConfigurationPlatforms) = preSolution
		Debug|x64 = Debug|x64
		Debug|x86 = Debug|x86
		Release|x64 = Release|x64
		Release|x86 = Release|x86
	EndGlobalSection
	GlobalSection(ProjectConfigurationPlatforms) = postSolution
		{665AAC65-420D-4CCD-8BBF-8F3F616965CE}.Debug|x64.ActiveCfg = Debug|x64
		{665AAC65-420D-4CCD-8BBF-8F3F616965CE}.Debug|x64.Build.0 = Debug|x64
		{665AAC65-420D-4CCD-8BBF-8F3F616965CE}.Debug|x86.ActiveCfg = Debug|Win32
		{665AAC65-420D-4CCD-8BBF-8F3F616965CE}.Debug|x86.Build.0 = Debug|Win32
		{665AAC65-420D-4CCD-8BBF-8F3F616965CE}.Release|x64.ActiveCfg = Release|x64
		{665AAC65-420D-4CCD-8BBF-8F3F616965CE}.Release|x64.Build.0 = Release|x64
		{665AAC65-420D-4CCD-8BBF-8F3F616965CE}.Release|x86.ActiveCfg = Release|Win32
		{665AAC65-420D-4CCD-8BBF-8F3F616965CE}.Release|x86.Build.0 = Release|Win32
		{23D97933-96EC-4AC4-9B61-31EDD8EFED23}.Debug|x64.ActiveCfg = Debug|x64
		{23D97933-96EC-4AC4-9B61-31EDD8EFED23}.Debug|x64.Build.0 = Debug|x64
		{23D97933-96EC-4AC4-9B61-31EDD8EFED23}.Debug|x86.ActiveCfg = Debug|Win32
		{23D97933-96EC-4AC4-9B61-31EDD8EFED23}.Debug|x86.Build.0 = Debug|Win32
		{23D97933-96EC-4AC4-9B61-31EDD8EFED23}.Release|x64.ActiveCfg = Release|x64
		{23D97933-96EC-4AC4-9B61-31EDD8EFED23}.Release|x64.Build.0 = Release|x64
		{23D97933-96EC-4AC4-9B61-31EDD8EFED23}.Release|x86.ActiveCfg = Release|Win32
		{23D97933-96EC-4AC4-9B61-31EDD8EFED23}.Release|x86.Build.0 = Release|Win32
		{EB1D1F88-D23A-491C-B0D8-47D07293E69A}.Debug|x64.ActiveCfg = Debug|x64
		{EB1D1F88-D23A-491C-B0D8-47D07293E69A}.Debug|x64.Build.0 = Debug|x64
		{EB1D1F88-D23A-491C-B0D8-47D07293E69A}.Debug|x86.ActiveCfg = Debug|Win32
		{EB1D1F88-D23A-491C-B0D8-47D07293E69A}.Debug|x86.Build.0 = Debug|Win32
		{EB1D1F88-D23A-491C-B0D8-47D07293E69A}.Release|x64.ActiveCfg = Release|x64
		{EB1D1F88-D23A-491C-B0D8-47D07293E69A}.Release|x64.Build.0 = Release|x64
		{EB1D1F88-D23A-491C-B0D8-47D07293E69A}.Release|x86.ActiveCfg = Release|Win32
		{EB1D1F88-D23A-491C-B0D8-47D07293E69A}.Release|x86.Build.0 = Release|Win32
		{32D67719-0378-400E-87AF-540F990C8D57}.Debug|x64.ActiveCfg = Debug|x64
		{32D67719-0378-400E-87AF-540F990C8D57}.Debug|x64.Build.0 = Debug|x64
		{32D67719-0378-400E-87AF-540F990C8D57}.Debug|x86.ActiveCfg = Debug|Win32
		{32D67719-0378-400E-87AF-540F990C8D57}.Debug|x86.Build.0 = Debug|Win32
		{32D67719-0378-400E-87AF-540F990C8D57}.Release|x64.ActiveCfg = Release|x64
		{32D67719-0378-400E-87AF-540F990C8D57}.Release|x64.Build.0 = Release|x64
		{32D67719-0378-400E-87AF-540F990C8D57}.Release|x86.ActiveCfg = Release|Win32
		{32D67719-0378-400E-87AF-540F990C8D57}.Release|x86.Build.0 = Release|Win32
		{CAC44359-8AB0-4999-9E49-D43EF180A7F9}.Debug|x64.ActiveCfg = Debug|x64
		{CAC44359-8AB0-4999-9E49-D43EF180A7F9}.Debug|x64.Build.0 = Debug|x64
		{CAC44359-8AB0-4999-9E49-D43EF180A7F9}.Debug|x86.ActiveCfg = Debug|Win32
		{CAC44359-8AB0-4999-9E49-D43EF180A7F9}.Debug|x86.Build.0 = Debug|Win32
		{CAC44359-8AB0-4999-9E49-D43EF180A7F9}.Release|x64.ActiveCfg = Release|x64
		{CAC44359-8AB0-4999-9E49-D43EF180A7F9}.Release|x64.Build.0 = Release|x64
		{CAC44359-8AB0-4999-9E49-D43EF180A7F9}.Release|x86.ActiveCfg = Release|Win32
		{CAC44359-8AB0-4999-9E49-D43EF180A7F9}.Release|x86.Build.0 = Release|Win32
		{180316CF-A21C-4186-9F3E-653E34390BBC}.Debug|x64.ActiveCfg = Debug|x64
		{180316CF-A21C-4186-9F3E-653E34390BBC}.Debug|x64.Build.0 = Debug|x64
		{180316CF-A21C-4186-9F3E-653E34390BBC}.Debug|x86.ActiveCfg = Debug|Win32
		{180316CF-A21C-4186-9F3E-653E34390BBC}.Debug|x86.Build.0 = Debug|Win32
		{180316CF-A21C-4186-9F3E-653E34390BBC}.Release|x64.ActiveCfg = Release|x64
		{180316CF-A21C-4186-9F3E-653E34390BBC}.Release|x64.Build.0 = Release|x64
		{180316CF-A21C-4186-9F3E-653E34390BBC}.Release|x86.ActiveCfg = Release|Win32
		{180316CF-A21C-4186-9F3E-653E34390BBC}.Release|x86.Build.0 = Release|Win32
		{82EB2FF7-E902-4A9D-8DCB-4ECB934F9020}.Debug|x64.ActiveCfg = Debug|x64
		{82EB2FF7-E902-4A9D-8DCB-4ECB934F9020}.Debug|x64.Build.0 = Debug|x64
		{82EB2FF7-E902-4A9D-8DCB-4ECB934F9020}.Debug|x86.ActiveCfg = Debug|Win32
		{82EB2FF7-E902-4A9D-8DCB-4ECB934F9020}.Debug|x86.Build.0 = Debug|Win32
		{82EB2FF7-E902-4A9D-8DCB-4ECB934F9020}.Release|x64.ActiveCfg = Release|x64
		{82EB2FF7-E902-4A9D-8DCB-4ECB934F9020}.Release|x64.Build.0 = Release|x64
		{82EB2FF7-E902-4A9D-8DCB-4ECB934F9020}.Release|x86.ActiveCfg = Release|Win32
		{82EB2FF7-E902-4A9D-8DCB-4ECB934F9020}.Release|x86.Build.0 = Release|Win32
		{782A2300-D7E5-473B-9F28-3E0395094B79}.Debug|x64.ActiveCfg = Debug|x64
		{782A2300-D7E5-473B-9F28-3E0395094B79}.Debug|x64.Build.0 = Debug|x64
		{782A2300-D7E5-473B-9F28-3E0395094B79}.Debug|x86.ActiveCfg = Debug|Win32
		{782A2300-D7E5-473B-9F28-3E0395094B79}.Debug|x86.Build.0 = Debug|Win32
		{782A2300-D7E5-473B-9F28-3E0395094B79}.Release|x64.ActiveCfg = Release|x64
		{782A2300-D7E5-473B-9F28-3E0395094B79}.Release|x64.Build.0 = Release|x64
		{782A2300-D7E5-473B-9F28-3E0395094B79}.Release|x86.ActiveCfg = Release|Win32
		{782A2300-D7E5-473B-9F28-3E0395094B79}.Release|x86.Build.0 = Release|Win32
		{90EE04ED-B798-4C89-A365-D7EB5D608FCF}.Debug|x64.ActiveCfg = Debug|x64
		{90EE04ED-B798-4C89-A365-D7EB5D608FCF}.Debug|x64.Build.0 = Debug|x64
		{90EE04ED-B798-4C89-A365-D7EB5D608FCF}.Debug|x86.ActiveCfg = Debug|Win32
		{90EE04ED-B798-4C89-A365-D7EB5D608FCF}.Debug|x86.Build.0 = Debug|Win32
		{90EE04ED-B798-4C89-A365-D7EB5D608FCF}.Release|x64.ActiveCfg = Release|x64
		{90EE04ED-B798-4C89-A365-D7EB5D608FCF}.Release|x64.Build.0 = Release|x64
		{90EE04ED-B798-4C89-A365-D7EB5D608FCF}.Release|x86.ActiveCfg = Release|Win32
		{90EE04ED-B798-4C89-A365-D7EB5D608FCF}.Release|x86.Build.0 = Release|Win32
		{4590E33C-D5B0-43A3-8742-BCA688C73663}.Debug|x64.ActiveCfg = Debug|x64
		{4590E33C-D5B0-43A3-8742-BCA688C73663}.Debug|x64.Build.0 = Debug|x64
		{4590E33C-D5B0-43A3-8742-BCA688C73663}.Debug|x86.ActiveCfg = Debug|Win32
		{4590E33C-D5B0-43A3-8742-BCA688C73663}.Debug|x86.Build.0 = Debug|Win32
		{4590E33C-D5B0-43A3-8742-BCA688C73663}.Release|x64.ActiveCfg = Release|x64
		{4590E33C-D5B0-43A3-8742-BCA688C73663}.Release|x64.Build.0 = Release|x64
		{4590E33C-D5B0-43A3-8742-BCA688C73663}.Release|x86.ActiveCfg = Release|Win32
		{4590E33C-D5B0-43A3-8742-BCA688C73663}.Release|x86.Build.0 = Release|Win32
	EndGlobalSection
	GlobalSection(SolutionProperties) = preSolution
		HideSolutionNode = FALSE
	EndGlobalSection
	GlobalSection(ExtensibilityGlobals) = postSolution
		SolutionGuid = {1BF16D72-FD03-403A-A754-E647EA5EC030}
	EndGlobalSection
EndGlobal
